
Microsoft Visual Studio Solution File, Format Version 12.00
# Visual Studio 15
VisualStudioVersion = 15.0.28307.168
MinimumVisualStudioVersion = 10.0.40219.1
Project("{FAE04EC0-301F-11D3-BF4B-00C04F79EFBC}") = "ATV.ProgramDept.DesktopApp", "ATV.ProgramDept.DesktopApp\ATV.ProgramDept.DesktopApp.csproj", "{FF68952C-DFFF-43FD-8E51-F25751231C91}"
EndProject
Project("{FAE04EC0-301F-11D3-BF4B-00C04F79EFBC}") = "ATV.ProgramDept.Service", "ATV.ProgramDept.Service\ATV.ProgramDept.Service.csproj", "{5442FA2F-8613-49D3-9EAD-54C30CA7A013}"
EndProject
Project("{FAE04EC0-301F-11D3-BF4B-00C04F79EFBC}") = "ATV.ProgramDept.Entity", "ATV.ProgramDept.Entity\ATV.ProgramDept.Entity.csproj", "{E419669D-4467-4B31-A8D8-6ACA28118C60}"
EndProject
Global
	GlobalSection(SolutionConfigurationPlatforms) = preSolution
		Debug|Any CPU = Debug|Any CPU
		Release|Any CPU = Release|Any CPU
	EndGlobalSection
	GlobalSection(ProjectConfigurationPlatforms) = postSolution
		{FF68952C-DFFF-43FD-8E51-F25751231C91}.Debug|Any CPU.ActiveCfg = Debug|Any CPU
		{FF68952C-DFFF-43FD-8E51-F25751231C91}.Debug|Any CPU.Build.0 = Debug|Any CPU
		{FF68952C-DFFF-43FD-8E51-F25751231C91}.Release|Any CPU.ActiveCfg = Release|Any CPU
		{FF68952C-DFFF-43FD-8E51-F25751231C91}.Release|Any CPU.Build.0 = Release|Any CPU
		{5442FA2F-8613-49D3-9EAD-54C30CA7A013}.Debug|Any CPU.ActiveCfg = Debug|Any CPU
		{5442FA2F-8613-49D3-9EAD-54C30CA7A013}.Debug|Any CPU.Build.0 = Debug|Any CPU
		{5442FA2F-8613-49D3-9EAD-54C30CA7A013}.Release|Any CPU.ActiveCfg = Release|Any CPU
		{5442FA2F-8613-49D3-9EAD-54C30CA7A013}.Release|Any CPU.Build.0 = Release|Any CPU
		{E419669D-4467-4B31-A8D8-6ACA28118C60}.Debug|Any CPU.ActiveCfg = Debug|Any CPU
		{E419669D-4467-4B31-A8D8-6ACA28118C60}.Debug|Any CPU.Build.0 = Debug|Any CPU
		{E419669D-4467-4B31-A8D8-6ACA28118C60}.Release|Any CPU.ActiveCfg = Release|Any CPU
		{E419669D-4467-4B31-A8D8-6ACA28118C60}.Release|Any CPU.Build.0 = Release|Any CPU
	EndGlobalSection
	GlobalSection(SolutionProperties) = preSolution
		HideSolutionNode = FALSE
	EndGlobalSection
	GlobalSection(ExtensibilityGlobals) = postSolution
		SolutionGuid = {EED0B02A-DF95-4ED2-89A4-079DCAFAE765}
	EndGlobalSection
EndGlobal
